
Microsoft Visual Studio Solution File, Format Version 12.00
# Visual Studio Version 17
VisualStudioVersion = 17.5.33516.290
MinimumVisualStudioVersion = 10.0.40219.1
Project("{FAE04EC0-301F-11D3-BF4B-00C04F79EFBC}") = "PraticaWeb", "PraticaWeb.csproj", "{2553AEC3-0775-468A-8915-52274AE6187C}"
EndProject
Global
	GlobalSection(SolutionConfigurationPlatforms) = preSolution
		Debug|Any CPU = Debug|Any CPU
		Release|Any CPU = Release|Any CPU
	EndGlobalSection
	GlobalSection(ProjectConfigurationPlatforms) = postSolution
		{2553AEC3-0775-468A-8915-52274AE6187C}.Debug|Any CPU.ActiveCfg = Debug|Any CPU
		{2553AEC3-0775-468A-8915-52274AE6187C}.Debug|Any CPU.Build.0 = Debug|Any CPU
		{2553AEC3-0775-468A-8915-52274AE6187C}.Release|Any CPU.ActiveCfg = Release|Any CPU
		{2553AEC3-0775-468A-8915-52274AE6187C}.Release|Any CPU.Build.0 = Release|Any CPU
	EndGlobalSection
	GlobalSection(SolutionProperties) = preSolution
		HideSolutionNode = FALSE
	EndGlobalSection
	GlobalSection(ExtensibilityGlobals) = postSolution
		SolutionGuid = {0AAE94FB-E31B-4177-B22A-2913707D37C6}
	EndGlobalSection
EndGlobal
